// !$*UTF8*$!
{
	archiveVersion = 1;
	classes = {
	};
	objectVersion = 77;
	objects = {

/* Begin PBXBuildFile section */
		D41C3D8E2F3C1ADC00E406A7 /* Warnings.xcconfig in Resources */ = {isa = PBXBuildFile; fileRef = D41C3D8C2F3C1AC000E406A7 /* Warnings.xcconfig */; };
		D42CA5742F3C1FC900F73B8B /* LGV_Cleantime.docc in Sources */ = {isa = PBXBuildFile; fileRef = D4AD25F92F3C194F00CD08B5 /* LGV_Cleantime.docc */; };
		D4AD25FB2F3C194F00CD08B5 /* LGV_CleantimeDateCalc.swift in Sources */ = {isa = PBXBuildFile; fileRef = D4AD25F62F3C194F00CD08B5 /* LGV_CleantimeDateCalc.swift */; };
		D4AD25FC2F3C194F00CD08B5 /* LGV_CleantimeKeytagDescription.swift in Sources */ = {isa = PBXBuildFile; fileRef = D4AD25F72F3C194F00CD08B5 /* LGV_CleantimeKeytagDescription.swift */; };
		D4AD26062F3C19C200CD08B5 /* libLGV_Cleantime.a in Frameworks */ = {isa = PBXBuildFile; fileRef = D4152A932F3C192600656A8F /* libLGV_Cleantime.a */; };
		D4AD26122F3C19D600CD08B5 /* LGV_CleantimeKeytagBuilderTests.swift in Sources */ = {isa = PBXBuildFile; fileRef = D4AD260E2F3C19D600CD08B5 /* LGV_CleantimeKeytagBuilderTests.swift */; };
		D4AD26132F3C19D600CD08B5 /* LGV_CleantimeCalculationTests.swift in Sources */ = {isa = PBXBuildFile; fileRef = D4AD260D2F3C19D600CD08B5 /* LGV_CleantimeCalculationTests.swift */; };
/* End PBXBuildFile section */

/* Begin PBXContainerItemProxy section */
		D4AD26072F3C19C200CD08B5 /* PBXContainerItemProxy */ = {
			isa = PBXContainerItemProxy;
			containerPortal = D4152A8B2F3C192600656A8F /* Project object */;
			proxyType = 1;
			remoteGlobalIDString = D4152A922F3C192600656A8F;
			remoteInfo = LGV_Cleantime;
		};
/* End PBXContainerItemProxy section */

/* Begin PBXFileReference section */
		D4152A932F3C192600656A8F /* libLGV_Cleantime.a */ = {isa = PBXFileReference; explicitFileType = archive.ar; includeInIndex = 0; path = libLGV_Cleantime.a; sourceTree = BUILT_PRODUCTS_DIR; };
		D41C3D8C2F3C1AC000E406A7 /* Warnings.xcconfig */ = {isa = PBXFileReference; lastKnownFileType = text.xcconfig; path = Warnings.xcconfig; sourceTree = "<group>"; };
		D4AD25F62F3C194F00CD08B5 /* LGV_CleantimeDateCalc.swift */ = {isa = PBXFileReference; lastKnownFileType = sourcecode.swift; path = LGV_CleantimeDateCalc.swift; sourceTree = "<group>"; };
		D4AD25F72F3C194F00CD08B5 /* LGV_CleantimeKeytagDescription.swift */ = {isa = PBXFileReference; lastKnownFileType = sourcecode.swift; path = LGV_CleantimeKeytagDescription.swift; sourceTree = "<group>"; };
		D4AD25F92F3C194F00CD08B5 /* LGV_Cleantime.docc */ = {isa = PBXFileReference; lastKnownFileType = folder.documentationcatalog; path = LGV_Cleantime.docc; sourceTree = "<group>"; };
		D4AD26022F3C19C200CD08B5 /* LGV_CleantimeTests.xctest */ = {isa = PBXFileReference; explicitFileType = wrapper.cfbundle; includeInIndex = 0; path = LGV_CleantimeTests.xctest; sourceTree = BUILT_PRODUCTS_DIR; };
		D4AD260D2F3C19D600CD08B5 /* LGV_CleantimeCalculationTests.swift */ = {isa = PBXFileReference; lastKnownFileType = sourcecode.swift; path = LGV_CleantimeCalculationTests.swift; sourceTree = "<group>"; };
		D4AD260E2F3C19D600CD08B5 /* LGV_CleantimeKeytagBuilderTests.swift */ = {isa = PBXFileReference; lastKnownFileType = sourcecode.swift; path = LGV_CleantimeKeytagBuilderTests.swift; sourceTree = "<group>"; };
		D4AD26142F3C1A1D00CD08B5 /* LGV_Cleantime.xctestplan */ = {isa = PBXFileReference; lastKnownFileType = text; path = LGV_Cleantime.xctestplan; sourceTree = "<group>"; };
/* End PBXFileReference section */

/* Begin PBXFrameworksBuildPhase section */
		D4AD25FF2F3C19C200CD08B5 /* Frameworks */ = {
			isa = PBXFrameworksBuildPhase;
			buildActionMask = 2147483647;
			files = (
				D4AD26062F3C19C200CD08B5 /* libLGV_Cleantime.a in Frameworks */,
			);
			runOnlyForDeploymentPostprocessing = 0;
		};
/* End PBXFrameworksBuildPhase section */

/* Begin PBXGroup section */
		D4152A8A2F3C192600656A8F = {
			isa = PBXGroup;
			children = (
				D41C3D8D2F3C1AC000E406A7 /* Project-Meta */,
				D4AD25FA2F3C194F00CD08B5 /* Sources */,
				D4AD26102F3C19D600CD08B5 /* Tests */,
				D4152A942F3C192600656A8F /* Products */,
			);
			sourceTree = "<group>";
		};
		D4152A942F3C192600656A8F /* Products */ = {
			isa = PBXGroup;
			children = (
				D4152A932F3C192600656A8F /* libLGV_Cleantime.a */,
				D4AD26022F3C19C200CD08B5 /* LGV_CleantimeTests.xctest */,
			);
			name = Products;
			sourceTree = "<group>";
		};
		D41C3D8D2F3C1AC000E406A7 /* Project-Meta */ = {
			isa = PBXGroup;
			children = (
				D41C3D8C2F3C1AC000E406A7 /* Warnings.xcconfig */,
			);
			path = "Project-Meta";
			sourceTree = "<group>";
		};
		D4AD25F82F3C194F00CD08B5 /* LGV_Cleantime */ = {
			isa = PBXGroup;
			children = (
				D4AD25F62F3C194F00CD08B5 /* LGV_CleantimeDateCalc.swift */,
				D4AD25F72F3C194F00CD08B5 /* LGV_CleantimeKeytagDescription.swift */,
				D4AD25F92F3C194F00CD08B5 /* LGV_Cleantime.docc */,
			);
			path = LGV_Cleantime;
			sourceTree = "<group>";
		};
		D4AD25FA2F3C194F00CD08B5 /* Sources */ = {
			isa = PBXGroup;
			children = (
				D4AD25F82F3C194F00CD08B5 /* LGV_Cleantime */,
			);
			path = Sources;
			sourceTree = "<group>";
		};
		D4AD260F2F3C19D600CD08B5 /* LGV_CleantimeTests */ = {
			isa = PBXGroup;
			children = (
				D4AD26142F3C1A1D00CD08B5 /* LGV_Cleantime.xctestplan */,
				D4AD260D2F3C19D600CD08B5 /* LGV_CleantimeCalculationTests.swift */,
				D4AD260E2F3C19D600CD08B5 /* LGV_CleantimeKeytagBuilderTests.swift */,
			);
			path = LGV_CleantimeTests;
			sourceTree = "<group>";
		};
		D4AD26102F3C19D600CD08B5 /* Tests */ = {
			isa = PBXGroup;
			children = (
				D4AD260F2F3C19D600CD08B5 /* LGV_CleantimeTests */,
			);
			path = Tests;
			sourceTree = "<group>";
		};
/* End PBXGroup section */

/* Begin PBXNativeTarget section */
		D4152A922F3C192600656A8F /* LGV_Cleantime */ = {
			isa = PBXNativeTarget;
			buildConfigurationList = D4152A9A2F3C192600656A8F /* Build configuration list for PBXNativeTarget "LGV_Cleantime" */;
			buildPhases = (
				D44D03882F3C1C9300652115 /* SwiftLint */,
				D4152A8F2F3C192600656A8F /* Sources */,
			);
			buildRules = (
			);
			dependencies = (
			);
			name = LGV_Cleantime;
			packageProductDependencies = (
			);
			productName = LGV_Cleantime;
			productReference = D4152A932F3C192600656A8F /* libLGV_Cleantime.a */;
			productType = "com.apple.product-type.library.static";
		};
		D4AD26012F3C19C200CD08B5 /* LGV_CleantimeTests */ = {
			isa = PBXNativeTarget;
			buildConfigurationList = D4AD26092F3C19C200CD08B5 /* Build configuration list for PBXNativeTarget "LGV_CleantimeTests" */;
			buildPhases = (
				D4AD25FE2F3C19C200CD08B5 /* Sources */,
				D4AD25FF2F3C19C200CD08B5 /* Frameworks */,
				D4AD26002F3C19C200CD08B5 /* Resources */,
			);
			buildRules = (
			);
			dependencies = (
				D4AD26082F3C19C200CD08B5 /* PBXTargetDependency */,
			);
			name = LGV_CleantimeTests;
			packageProductDependencies = (
			);
			productName = LGV_CleantimeTests;
			productReference = D4AD26022F3C19C200CD08B5 /* LGV_CleantimeTests.xctest */;
			productType = "com.apple.product-type.bundle.unit-test";
		};
/* End PBXNativeTarget section */

/* Begin PBXProject section */
		D4152A8B2F3C192600656A8F /* Project object */ = {
			isa = PBXProject;
			attributes = {
				BuildIndependentTargetsInParallel = 1;
				LastSwiftUpdateCheck = 2620;
				LastUpgradeCheck = 2620;
				TargetAttributes = {
					D4152A922F3C192600656A8F = {
						CreatedOnToolsVersion = 26.2;
					};
					D4AD26012F3C19C200CD08B5 = {
						CreatedOnToolsVersion = 26.2;
					};
				};
			};
			buildConfigurationList = D4152A8E2F3C192600656A8F /* Build configuration list for PBXProject "LGV_Cleantime" */;
			developmentRegion = en;
			hasScannedForEncodings = 0;
			knownRegions = (
				en,
				Base,
			);
			mainGroup = D4152A8A2F3C192600656A8F;
			minimizedProjectReferenceProxies = 1;
			preferredProjectObjectVersion = 77;
			productRefGroup = D4152A942F3C192600656A8F /* Products */;
			projectDirPath = "";
			projectRoot = "";
			targets = (
				D4152A922F3C192600656A8F /* LGV_Cleantime */,
				D4AD26012F3C19C200CD08B5 /* LGV_CleantimeTests */,
			);
		};
/* End PBXProject section */

/* Begin PBXResourcesBuildPhase section */
		D4AD26002F3C19C200CD08B5 /* Resources */ = {
			isa = PBXResourcesBuildPhase;
			buildActionMask = 2147483647;
			files = (
				D41C3D8E2F3C1ADC00E406A7 /* Warnings.xcconfig in Resources */,
			);
			runOnlyForDeploymentPostprocessing = 0;
		};
/* End PBXResourcesBuildPhase section */

/* Begin PBXShellScriptBuildPhase section */
		D44D03882F3C1C9300652115 /* SwiftLint */ = {
			isa = PBXShellScriptBuildPhase;
			alwaysOutOfDate = 1;
			buildActionMask = 2147483647;
			files = (
			);
			inputFileListPaths = (
			);
			inputPaths = (
			);
			name = SwiftLint;
			outputFileListPaths = (
			);
			outputPaths = (
			);
			runOnlyForDeploymentPostprocessing = 0;
			shellPath = /bin/sh;
			shellScript = "if command -v swiftlint 2>&1 >/dev/null\nthen\n    cd ${PROJECT_DIR}\n    swiftlint\nfi\n";
		};
/* End PBXShellScriptBuildPhase section */

/* Begin PBXSourcesBuildPhase section */
		D4152A8F2F3C192600656A8F /* Sources */ = {
			isa = PBXSourcesBuildPhase;
			buildActionMask = 2147483647;
			files = (
				D42CA5742F3C1FC900F73B8B /* LGV_Cleantime.docc in Sources */,
				D4AD25FB2F3C194F00CD08B5 /* LGV_CleantimeDateCalc.swift in Sources */,
				D4AD25FC2F3C194F00CD08B5 /* LGV_CleantimeKeytagDescription.swift in Sources */,
			);
			runOnlyForDeploymentPostprocessing = 0;
		};
		D4AD25FE2F3C19C200CD08B5 /* Sources */ = {
			isa = PBXSourcesBuildPhase;
			buildActionMask = 2147483647;
			files = (
				D4AD26122F3C19D600CD08B5 /* LGV_CleantimeKeytagBuilderTests.swift in Sources */,
				D4AD26132F3C19D600CD08B5 /* LGV_CleantimeCalculationTests.swift in Sources */,
			);
			runOnlyForDeploymentPostprocessing = 0;
		};
/* End PBXSourcesBuildPhase section */

/* Begin PBXTargetDependency section */
		D4AD26082F3C19C200CD08B5 /* PBXTargetDependency */ = {
			isa = PBXTargetDependency;
			target = D4152A922F3C192600656A8F /* LGV_Cleantime */;
			targetProxy = D4AD26072F3C19C200CD08B5 /* PBXContainerItemProxy */;
		};
/* End PBXTargetDependency section */

/* Begin XCBuildConfiguration section */
		D4152A982F3C192600656A8F /* Debug */ = {
			isa = XCBuildConfiguration;
			baseConfigurationReference = D41C3D8C2F3C1AC000E406A7 /* Warnings.xcconfig */;
			buildSettings = {
				ALWAYS_SEARCH_USER_PATHS = NO;
				ASSETCATALOG_COMPILER_GENERATE_SWIFT_ASSET_SYMBOL_EXTENSIONS = YES;
				CLANG_ANALYZER_NONNULL = YES;
				CLANG_ANALYZER_NUMBER_OBJECT_CONVERSION = YES_AGGRESSIVE;
				CLANG_CXX_LANGUAGE_STANDARD = "gnu++20";
				CLANG_ENABLE_MODULES = YES;
				CLANG_ENABLE_OBJC_ARC = YES;
				CLANG_ENABLE_OBJC_WEAK = YES;
				CLANG_WARN_BLOCK_CAPTURE_AUTORELEASING = YES;
				CLANG_WARN_BOOL_CONVERSION = YES;
				CLANG_WARN_COMMA = YES;
				CLANG_WARN_CONSTANT_CONVERSION = YES;
				CLANG_WARN_DEPRECATED_OBJC_IMPLEMENTATIONS = YES;
				CLANG_WARN_DIRECT_OBJC_ISA_USAGE = YES_ERROR;
				CLANG_WARN_DOCUMENTATION_COMMENTS = YES;
				CLANG_WARN_EMPTY_BODY = YES;
				CLANG_WARN_ENUM_CONVERSION = YES;
				CLANG_WARN_INFINITE_RECURSION = YES;
				CLANG_WARN_INT_CONVERSION = YES;
				CLANG_WARN_NON_LITERAL_NULL_CONVERSION = YES;
				CLANG_WARN_OBJC_IMPLICIT_RETAIN_SELF = YES;
				CLANG_WARN_OBJC_LITERAL_CONVERSION = YES;
				CLANG_WARN_OBJC_ROOT_CLASS = YES_ERROR;
				CLANG_WARN_QUOTED_INCLUDE_IN_FRAMEWORK_HEADER = YES;
				CLANG_WARN_RANGE_LOOP_ANALYSIS = YES;
				CLANG_WARN_STRICT_PROTOTYPES = YES;
				CLANG_WARN_SUSPICIOUS_MOVE = YES;
				CLANG_WARN_UNGUARDED_AVAILABILITY = YES_AGGRESSIVE;
				CLANG_WARN_UNREACHABLE_CODE = YES;
				CLANG_WARN__DUPLICATE_METHOD_MATCH = YES;
				COPY_PHASE_STRIP = NO;
				DEBUG_INFORMATION_FORMAT = dwarf;
				DEVELOPMENT_TEAM = P53V4JS928;
				ENABLE_STRICT_OBJC_MSGSEND = YES;
				ENABLE_TESTABILITY = YES;
				ENABLE_USER_SCRIPT_SANDBOXING = YES;
				GCC_C_LANGUAGE_STANDARD = gnu17;
				GCC_DYNAMIC_NO_PIC = NO;
				GCC_NO_COMMON_BLOCKS = YES;
				GCC_OPTIMIZATION_LEVEL = 0;
				GCC_PREPROCESSOR_DEFINITIONS = (
					"DEBUG=1",
					"$(inherited)",
				);
				GCC_WARN_64_TO_32_BIT_CONVERSION = YES;
				GCC_WARN_ABOUT_RETURN_TYPE = YES_ERROR;
				GCC_WARN_UNDECLARED_SELECTOR = YES;
				GCC_WARN_UNINITIALIZED_AUTOS = YES_AGGRESSIVE;
				GCC_WARN_UNUSED_FUNCTION = YES;
				GCC_WARN_UNUSED_VARIABLE = YES;
				IPHONEOS_DEPLOYMENT_TARGET = 26.2;
				LOCALIZATION_PREFERS_STRING_CATALOGS = YES;
				MTL_ENABLE_DEBUG_INFO = INCLUDE_SOURCE;
				MTL_FAST_MATH = YES;
				ONLY_ACTIVE_ARCH = YES;
				SDKROOT = iphoneos;
				SWIFT_ACTIVE_COMPILATION_CONDITIONS = "DEBUG $(inherited)";
				SWIFT_OPTIMIZATION_LEVEL = "-Onone";
			};
			name = Debug;
		};
		D4152A992F3C192600656A8F /* Release */ = {
			isa = XCBuildConfiguration;
			baseConfigurationReference = D41C3D8C2F3C1AC000E406A7 /* Warnings.xcconfig */;
			buildSettings = {
				ALWAYS_SEARCH_USER_PATHS = NO;
				ASSETCATALOG_COMPILER_GENERATE_SWIFT_ASSET_SYMBOL_EXTENSIONS = YES;
				CLANG_ANALYZER_NONNULL = YES;
				CLANG_ANALYZER_NUMBER_OBJECT_CONVERSION = YES_AGGRESSIVE;
				CLANG_CXX_LANGUAGE_STANDARD = "gnu++20";
				CLANG_ENABLE_MODULES = YES;
				CLANG_ENABLE_OBJC_ARC = YES;
				CLANG_ENABLE_OBJC_WEAK = YES;
				CLANG_WARN_BLOCK_CAPTURE_AUTORELEASING = YES;
				CLANG_WARN_BOOL_CONVERSION = YES;
				CLANG_WARN_COMMA = YES;
				CLANG_WARN_CONSTANT_CONVERSION = YES;
				CLANG_WARN_DEPRECATED_OBJC_IMPLEMENTATIONS = YES;
				CLANG_WARN_DIRECT_OBJC_ISA_USAGE = YES_ERROR;
				CLANG_WARN_DOCUMENTATION_COMMENTS = YES;
				CLANG_WARN_EMPTY_BODY = YES;
				CLANG_WARN_ENUM_CONVERSION = YES;
				CLANG_WARN_INFINITE_RECURSION = YES;
				CLANG_WARN_INT_CONVERSION = YES;
				CLANG_WARN_NON_LITERAL_NULL_CONVERSION = YES;
				CLANG_WARN_OBJC_IMPLICIT_RETAIN_SELF = YES;
				CLANG_WARN_OBJC_LITERAL_CONVERSION = YES;
				CLANG_WARN_OBJC_ROOT_CLASS = YES_ERROR;
				CLANG_WARN_QUOTED_INCLUDE_IN_FRAMEWORK_HEADER = YES;
				CLANG_WARN_RANGE_LOOP_ANALYSIS = YES;
				CLANG_WARN_STRICT_PROTOTYPES = YES;
				CLANG_WARN_SUSPICIOUS_MOVE = YES;
				CLANG_WARN_UNGUARDED_AVAILABILITY = YES_AGGRESSIVE;
				CLANG_WARN_UNREACHABLE_CODE = YES;
				CLANG_WARN__DUPLICATE_METHOD_MATCH = YES;
				COPY_PHASE_STRIP = NO;
				DEBUG_INFORMATION_FORMAT = "dwarf-with-dsym";
				DEVELOPMENT_TEAM = P53V4JS928;
				ENABLE_NS_ASSERTIONS = NO;
				ENABLE_STRICT_OBJC_MSGSEND = YES;
				ENABLE_USER_SCRIPT_SANDBOXING = YES;
				GCC_C_LANGUAGE_STANDARD = gnu17;
				GCC_NO_COMMON_BLOCKS = YES;
				GCC_WARN_64_TO_32_BIT_CONVERSION = YES;
				GCC_WARN_ABOUT_RETURN_TYPE = YES_ERROR;
				GCC_WARN_UNDECLARED_SELECTOR = YES;
				GCC_WARN_UNINITIALIZED_AUTOS = YES_AGGRESSIVE;
				GCC_WARN_UNUSED_FUNCTION = YES;
				GCC_WARN_UNUSED_VARIABLE = YES;
				IPHONEOS_DEPLOYMENT_TARGET = 26.2;
				LOCALIZATION_PREFERS_STRING_CATALOGS = YES;
				MTL_ENABLE_DEBUG_INFO = NO;
				MTL_FAST_MATH = YES;
				SDKROOT = iphoneos;
				SWIFT_COMPILATION_MODE = wholemodule;
				VALIDATE_PRODUCT = YES;
			};
			name = Release;
		};
		D4152A9B2F3C192600656A8F /* Debug */ = {
			isa = XCBuildConfiguration;
			buildSettings = {
				CODE_SIGN_STYLE = Automatic;
				DEVELOPMENT_TEAM = P53V4JS928;
				ENABLE_APP_SANDBOX = YES;
				ENABLE_HARDENED_RUNTIME = YES;
				ENABLE_OUTGOING_NETWORK_CONNECTIONS = YES;
				ENABLE_USER_SCRIPT_SANDBOXING = NO;
				IPHONEOS_DEPLOYMENT_TARGET = 15.0;
				MACOSX_DEPLOYMENT_TARGET = 14.0;
				OTHER_LDFLAGS = "-ObjC";
				PRODUCT_NAME = "$(TARGET_NAME)";
				REGISTER_APP_GROUPS = YES;
				SKIP_INSTALL = YES;
				SUPPORTED_PLATFORMS = "appletvos appletvsimulator iphoneos iphonesimulator macosx watchos watchsimulator";
				SUPPORTS_MACCATALYST = NO;
				SUPPORTS_MAC_DESIGNED_FOR_IPHONE_IPAD = NO;
				SUPPORTS_XR_DESIGNED_FOR_IPHONE_IPAD = NO;
				SWIFT_APPROACHABLE_CONCURRENCY = YES;
				SWIFT_UPCOMING_FEATURE_MEMBER_IMPORT_VISIBILITY = YES;
				SWIFT_VERSION = 5.0;
				TARGETED_DEVICE_FAMILY = "1,2,3,4";
				TVOS_DEPLOYMENT_TARGET = 15.0;
				WATCHOS_DEPLOYMENT_TARGET = 10.0;
			};
			name = Debug;
		};
		D4152A9C2F3C192600656A8F /* Release */ = {
			isa = XCBuildConfiguration;
			buildSettings = {
				CODE_SIGN_STYLE = Automatic;
				DEVELOPMENT_TEAM = P53V4JS928;
				ENABLE_USER_SCRIPT_SANDBOXING = NO;
				IPHONEOS_DEPLOYMENT_TARGET = 15.0;
				MACOSX_DEPLOYMENT_TARGET = 14.0;
				OTHER_LDFLAGS = "-ObjC";
				PRODUCT_NAME = "$(TARGET_NAME)";
				SKIP_INSTALL = YES;
				SUPPORTED_PLATFORMS = "appletvos appletvsimulator iphoneos iphonesimulator macosx watchos watchsimulator";
				SUPPORTS_MACCATALYST = NO;
				SUPPORTS_MAC_DESIGNED_FOR_IPHONE_IPAD = NO;
				SUPPORTS_XR_DESIGNED_FOR_IPHONE_IPAD = NO;
				SWIFT_APPROACHABLE_CONCURRENCY = YES;
				SWIFT_UPCOMING_FEATURE_MEMBER_IMPORT_VISIBILITY = YES;
				SWIFT_VERSION = 5.0;
				TARGETED_DEVICE_FAMILY = "1,2,3,4";
				TVOS_DEPLOYMENT_TARGET = 15.0;
				WATCHOS_DEPLOYMENT_TARGET = 10.0;
			};
			name = Release;
		};
		D4AD260A2F3C19C200CD08B5 /* Debug */ = {
			isa = XCBuildConfiguration;
			buildSettings = {
				CODE_SIGN_STYLE = Automatic;
				CURRENT_PROJECT_VERSION = 1;
				DEVELOPMENT_TEAM = P53V4JS928;
				GENERATE_INFOPLIST_FILE = YES;
				IPHONEOS_DEPLOYMENT_TARGET = 15.0;
				MACOSX_DEPLOYMENT_TARGET = 14.0;
				MARKETING_VERSION = 1.0;
				PRODUCT_BUNDLE_IDENTIFIER = "com.litlegreenviper.LGV-CleantimeTests";
				PRODUCT_NAME = "$(TARGET_NAME)";
				SDKROOT = macosx;
				STRING_CATALOG_GENERATE_SYMBOLS = NO;
				SUPPORTED_PLATFORMS = "appletvos appletvsimulator iphoneos iphonesimulator macosx watchos watchsimulator";
				SUPPORTS_MACCATALYST = NO;
				SWIFT_APPROACHABLE_CONCURRENCY = YES;
				SWIFT_EMIT_LOC_STRINGS = NO;
				SWIFT_UPCOMING_FEATURE_MEMBER_IMPORT_VISIBILITY = YES;
				SWIFT_VERSION = 5.0;
				TARGETED_DEVICE_FAMILY = "1,2,3,4";
				TVOS_DEPLOYMENT_TARGET = 15.0;
				WATCHOS_DEPLOYMENT_TARGET = 10.0;
			};
			name = Debug;
		};
		D4AD260B2F3C19C200CD08B5 /* Release */ = {
			isa = XCBuildConfiguration;
			buildSettings = {
				CODE_SIGN_STYLE = Automatic;
				CURRENT_PROJECT_VERSION = 1;
				DEVELOPMENT_TEAM = P53V4JS928;
				GENERATE_INFOPLIST_FILE = YES;
				IPHONEOS_DEPLOYMENT_TARGET = 15.0;
				MACOSX_DEPLOYMENT_TARGET = 14.0;
				MARKETING_VERSION = 1.0;
				PRODUCT_BUNDLE_IDENTIFIER = "com.litlegreenviper.LGV-CleantimeTests";
				PRODUCT_NAME = "$(TARGET_NAME)";
				SDKROOT = macosx;
				STRING_CATALOG_GENERATE_SYMBOLS = NO;
				SUPPORTED_PLATFORMS = "appletvos appletvsimulator iphoneos iphonesimulator macosx watchos watchsimulator";
				SUPPORTS_MACCATALYST = NO;
				SWIFT_APPROACHABLE_CONCURRENCY = YES;
				SWIFT_EMIT_LOC_STRINGS = NO;
				SWIFT_UPCOMING_FEATURE_MEMBER_IMPORT_VISIBILITY = YES;
				SWIFT_VERSION = 5.0;
				TARGETED_DEVICE_FAMILY = "1,2,3,4";
				TVOS_DEPLOYMENT_TARGET = 15.0;
				WATCHOS_DEPLOYMENT_TARGET = 10.0;
			};
			name = Release;
		};
/* End XCBuildConfiguration section */

/* Begin XCConfigurationList section */
		D4152A8E2F3C192600656A8F /* Build configuration list for PBXProject "LGV_Cleantime" */ = {
			isa = XCConfigurationList;
			buildConfigurations = (
				D4152A982F3C192600656A8F /* Debug */,
				D4152A992F3C192600656A8F /* Release */,
			);
			defaultConfigurationIsVisible = 0;
			defaultConfigurationName = Release;
		};
		D4152A9A2F3C192600656A8F /* Build configuration list for PBXNativeTarget "LGV_Cleantime" */ = {
			isa = XCConfigurationList;
			buildConfigurations = (
				D4152A9B2F3C192600656A8F /* Debug */,
				D4152A9C2F3C192600656A8F /* Release */,
			);
			defaultConfigurationIsVisible = 0;
			defaultConfigurationName = Release;
		};
		D4AD26092F3C19C200CD08B5 /* Build configuration list for PBXNativeTarget "LGV_CleantimeTests" */ = {
			isa = XCConfigurationList;
			buildConfigurations = (
				D4AD260A2F3C19C200CD08B5 /* Debug */,
				D4AD260B2F3C19C200CD08B5 /* Release */,
			);
			defaultConfigurationIsVisible = 0;
			defaultConfigurationName = Release;
		};
/* End XCConfigurationList section */
	};
	rootObject = D4152A8B2F3C192600656A8F /* Project object */;
}
