// !$*UTF8*$!
{
	archiveVersion = 1;
	classes = {
	};
	objectVersion = 55;
	objects = {

/* Begin PBXBuildFile section */
		D421F147283AD46D00416FA8 /* LGV_CleantimeKeytagDescription.swift in Sources */ = {isa = PBXBuildFile; fileRef = D47B1DF2269CDF0B00139C2C /* LGV_CleantimeKeytagDescription.swift */; };
		D421F148283AD46D00416FA8 /* LGV_CleantimeDateCalc.swift in Sources */ = {isa = PBXBuildFile; fileRef = D4A5FE8C26971DA0009D0D17 /* LGV_CleantimeDateCalc.swift */; };
		D421F157283AD49400416FA8 /* LGV_CleantimeKeytagBuilderTests.swift in Sources */ = {isa = PBXBuildFile; fileRef = D498CF62269DD1360076CC3A /* LGV_CleantimeKeytagBuilderTests.swift */; };
		D421F158283AD49400416FA8 /* LGV_CleantimeCalculationTests.swift in Sources */ = {isa = PBXBuildFile; fileRef = D498CF58269DB1B00076CC3A /* LGV_CleantimeCalculationTests.swift */; };
		D421F164283AD54C00416FA8 /* LGV_CleantimeDateCalc.swift in Sources */ = {isa = PBXBuildFile; fileRef = D4A5FE8C26971DA0009D0D17 /* LGV_CleantimeDateCalc.swift */; };
		D421F165283AD54C00416FA8 /* LGV_CleantimeKeytagDescription.swift in Sources */ = {isa = PBXBuildFile; fileRef = D47B1DF2269CDF0B00139C2C /* LGV_CleantimeKeytagDescription.swift */; };
		D421F174283AD57400416FA8 /* LGV_CleantimeCalculationTests.swift in Sources */ = {isa = PBXBuildFile; fileRef = D498CF58269DB1B00076CC3A /* LGV_CleantimeCalculationTests.swift */; };
		D421F175283AD57400416FA8 /* LGV_CleantimeKeytagBuilderTests.swift in Sources */ = {isa = PBXBuildFile; fileRef = D498CF62269DD1360076CC3A /* LGV_CleantimeKeytagBuilderTests.swift */; };
		D421F190283AD61100416FA8 /* LGV_CleantimeCalculationTests.swift in Sources */ = {isa = PBXBuildFile; fileRef = D498CF58269DB1B00076CC3A /* LGV_CleantimeCalculationTests.swift */; };
		D421F191283AD61100416FA8 /* LGV_CleantimeKeytagBuilderTests.swift in Sources */ = {isa = PBXBuildFile; fileRef = D498CF62269DD1360076CC3A /* LGV_CleantimeKeytagBuilderTests.swift */; };
		D421F192283AD61500416FA8 /* LGV_CleantimeKeytagDescription.swift in Sources */ = {isa = PBXBuildFile; fileRef = D47B1DF2269CDF0B00139C2C /* LGV_CleantimeKeytagDescription.swift */; };
		D421F193283AD61500416FA8 /* LGV_CleantimeDateCalc.swift in Sources */ = {isa = PBXBuildFile; fileRef = D4A5FE8C26971DA0009D0D17 /* LGV_CleantimeDateCalc.swift */; };
		D42759322B4A436300A540F2 /* libLGV_Cleantime (WatchOS).a in Frameworks */ = {isa = PBXBuildFile; fileRef = D4F30CF7283AD833002225C6 /* libLGV_Cleantime (WatchOS).a */; platformFilters = (maccatalyst, watchos, ); };
		D4F30CFB283AD86A002225C6 /* libLGV_Cleantime (iOS).a in Frameworks */ = {isa = PBXBuildFile; fileRef = D4F30CF5283AD833002225C6 /* libLGV_Cleantime (iOS).a */; };
		D4F30CFC283AD878002225C6 /* libLGV_Cleantime (MacOS).a in Frameworks */ = {isa = PBXBuildFile; fileRef = D4F30CF3283AD833002225C6 /* libLGV_Cleantime (MacOS).a */; };
		D4F30D10283AD8AF002225C6 /* libLGV_Cleantime (TVOS).a in Frameworks */ = {isa = PBXBuildFile; fileRef = D4F30D01283AD895002225C6 /* libLGV_Cleantime (TVOS).a */; };
		D4F30D16283AD900002225C6 /* LGV_CleantimeDateCalc.swift in Sources */ = {isa = PBXBuildFile; fileRef = D4A5FE8C26971DA0009D0D17 /* LGV_CleantimeDateCalc.swift */; };
		D4F30D17283AD900002225C6 /* LGV_CleantimeKeytagDescription.swift in Sources */ = {isa = PBXBuildFile; fileRef = D47B1DF2269CDF0B00139C2C /* LGV_CleantimeKeytagDescription.swift */; };
		D4F30D18283AD905002225C6 /* LGV_CleantimeCalculationTests.swift in Sources */ = {isa = PBXBuildFile; fileRef = D498CF58269DB1B00076CC3A /* LGV_CleantimeCalculationTests.swift */; };
		D4F30D19283AD905002225C6 /* LGV_CleantimeKeytagBuilderTests.swift in Sources */ = {isa = PBXBuildFile; fileRef = D498CF62269DD1360076CC3A /* LGV_CleantimeKeytagBuilderTests.swift */; };
/* End PBXBuildFile section */

/* Begin PBXContainerItemProxy section */
		D421F152283AD48C00416FA8 /* PBXContainerItemProxy */ = {
			isa = PBXContainerItemProxy;
			containerPortal = D43C667F2694AA88007D5883 /* Project object */;
			proxyType = 1;
			remoteGlobalIDString = D421F13D283AD46000416FA8;
			remoteInfo = "LGV_Cleantime (MacOS)";
		};
		D421F16F283AD56800416FA8 /* PBXContainerItemProxy */ = {
			isa = PBXContainerItemProxy;
			containerPortal = D43C667F2694AA88007D5883 /* Project object */;
			proxyType = 1;
			remoteGlobalIDString = D421F15C283AD52900416FA8;
			remoteInfo = "LGV_Cleantime (iOS)";
		};
		D42759332B4A436300A540F2 /* PBXContainerItemProxy */ = {
			isa = PBXContainerItemProxy;
			containerPortal = D43C667F2694AA88007D5883 /* Project object */;
			proxyType = 1;
			remoteGlobalIDString = D421F179283AD5CA00416FA8;
			remoteInfo = "LGV_Cleantime (WatchOS)";
		};
		D4F30D11283AD8AF002225C6 /* PBXContainerItemProxy */ = {
			isa = PBXContainerItemProxy;
			containerPortal = D43C667F2694AA88007D5883 /* Project object */;
			proxyType = 1;
			remoteGlobalIDString = D4F30D00283AD895002225C6;
			remoteInfo = "LGV_Cleantime (TVOS)";
		};
/* End PBXContainerItemProxy section */

/* Begin PBXFileReference section */
		D43C66D82694AC33007D5883 /* Warnings.xcconfig */ = {isa = PBXFileReference; lastKnownFileType = text.xcconfig; path = Warnings.xcconfig; sourceTree = "<group>"; };
		D473D2DC27A457C7003E1A5C /* LGV_Cleantime.docc */ = {isa = PBXFileReference; lastKnownFileType = folder.documentationcatalog; path = LGV_Cleantime.docc; sourceTree = "<group>"; };
		D47B1DF2269CDF0B00139C2C /* LGV_CleantimeKeytagDescription.swift */ = {isa = PBXFileReference; fileEncoding = 4; lastKnownFileType = sourcecode.swift; path = LGV_CleantimeKeytagDescription.swift; sourceTree = "<group>"; };
		D48F60562D3FEE2800B63FDC /* .swiftlint.yml */ = {isa = PBXFileReference; lastKnownFileType = text.yaml; path = .swiftlint.yml; sourceTree = "<group>"; };
		D498CF58269DB1B00076CC3A /* LGV_CleantimeCalculationTests.swift */ = {isa = PBXFileReference; lastKnownFileType = sourcecode.swift; path = LGV_CleantimeCalculationTests.swift; sourceTree = "<group>"; };
		D498CF5A269DB1B00076CC3A /* Info.plist */ = {isa = PBXFileReference; lastKnownFileType = text.plist.xml; path = Info.plist; sourceTree = "<group>"; };
		D498CF62269DD1360076CC3A /* LGV_CleantimeKeytagBuilderTests.swift */ = {isa = PBXFileReference; fileEncoding = 4; lastKnownFileType = sourcecode.swift; path = LGV_CleantimeKeytagBuilderTests.swift; sourceTree = "<group>"; };
		D4A5FE8C26971DA0009D0D17 /* LGV_CleantimeDateCalc.swift */ = {isa = PBXFileReference; fileEncoding = 4; lastKnownFileType = sourcecode.swift; path = LGV_CleantimeDateCalc.swift; sourceTree = "<group>"; };
		D4A5FE91269732BE009D0D17 /* Info.plist */ = {isa = PBXFileReference; lastKnownFileType = text.plist.xml; path = Info.plist; sourceTree = "<group>"; };
		D4F30CF3283AD833002225C6 /* libLGV_Cleantime (MacOS).a */ = {isa = PBXFileReference; explicitFileType = archive.ar; includeInIndex = 0; path = "libLGV_Cleantime (MacOS).a"; sourceTree = BUILT_PRODUCTS_DIR; };
		D4F30CF4283AD833002225C6 /* LGV_CleantimeTests (MacOS).xctest */ = {isa = PBXFileReference; explicitFileType = wrapper.cfbundle; includeInIndex = 0; path = "LGV_CleantimeTests (MacOS).xctest"; sourceTree = BUILT_PRODUCTS_DIR; };
		D4F30CF5283AD833002225C6 /* libLGV_Cleantime (iOS).a */ = {isa = PBXFileReference; explicitFileType = archive.ar; includeInIndex = 0; path = "libLGV_Cleantime (iOS).a"; sourceTree = BUILT_PRODUCTS_DIR; };
		D4F30CF6283AD833002225C6 /* LGV_CleantimeTests (iOS).xctest */ = {isa = PBXFileReference; explicitFileType = wrapper.cfbundle; includeInIndex = 0; path = "LGV_CleantimeTests (iOS).xctest"; sourceTree = BUILT_PRODUCTS_DIR; };
		D4F30CF7283AD833002225C6 /* libLGV_Cleantime (WatchOS).a */ = {isa = PBXFileReference; explicitFileType = archive.ar; includeInIndex = 0; path = "libLGV_Cleantime (WatchOS).a"; sourceTree = BUILT_PRODUCTS_DIR; };
		D4F30CF8283AD833002225C6 /* LGV_CleantimeTests (WatchOS).xctest */ = {isa = PBXFileReference; explicitFileType = wrapper.cfbundle; includeInIndex = 0; path = "LGV_CleantimeTests (WatchOS).xctest"; sourceTree = BUILT_PRODUCTS_DIR; };
		D4F30D01283AD895002225C6 /* libLGV_Cleantime (TVOS).a */ = {isa = PBXFileReference; explicitFileType = archive.ar; includeInIndex = 0; path = "libLGV_Cleantime (TVOS).a"; sourceTree = BUILT_PRODUCTS_DIR; };
		D4F30D0C283AD8AF002225C6 /* LGV_CleantimeTests (TVOS).xctest */ = {isa = PBXFileReference; explicitFileType = wrapper.cfbundle; includeInIndex = 0; path = "LGV_CleantimeTests (TVOS).xctest"; sourceTree = BUILT_PRODUCTS_DIR; };
/* End PBXFileReference section */

/* Begin PBXFrameworksBuildPhase section */
		D421F14A283AD48C00416FA8 /* Frameworks */ = {
			isa = PBXFrameworksBuildPhase;
			buildActionMask = 2147483647;
			files = (
				D4F30CFC283AD878002225C6 /* libLGV_Cleantime (MacOS).a in Frameworks */,
			);
			runOnlyForDeploymentPostprocessing = 0;
		};
		D421F167283AD56700416FA8 /* Frameworks */ = {
			isa = PBXFrameworksBuildPhase;
			buildActionMask = 2147483647;
			files = (
				D4F30CFB283AD86A002225C6 /* libLGV_Cleantime (iOS).a in Frameworks */,
			);
			runOnlyForDeploymentPostprocessing = 0;
		};
		D421F182283AD5E700416FA8 /* Frameworks */ = {
			isa = PBXFrameworksBuildPhase;
			buildActionMask = 2147483647;
			files = (
				D42759322B4A436300A540F2 /* libLGV_Cleantime (WatchOS).a in Frameworks */,
			);
			runOnlyForDeploymentPostprocessing = 0;
		};
		D4F30D09283AD8AF002225C6 /* Frameworks */ = {
			isa = PBXFrameworksBuildPhase;
			buildActionMask = 2147483647;
			files = (
				D4F30D10283AD8AF002225C6 /* libLGV_Cleantime (TVOS).a in Frameworks */,
			);
			runOnlyForDeploymentPostprocessing = 0;
		};
/* End PBXFrameworksBuildPhase section */

/* Begin PBXGroup section */
		D43C667E2694AA88007D5883 = {
			isa = PBXGroup;
			children = (
				D48F60562D3FEE2800B63FDC /* .swiftlint.yml */,
				D43C66912694AB9E007D5883 /* Sources */,
				D43C66C52694AC20007D5883 /* Tests */,
				D43C66D72694AC33007D5883 /* Project-Meta */,
				D4F30CF3283AD833002225C6 /* libLGV_Cleantime (MacOS).a */,
				D4F30CF4283AD833002225C6 /* LGV_CleantimeTests (MacOS).xctest */,
				D4F30CF5283AD833002225C6 /* libLGV_Cleantime (iOS).a */,
				D4F30CF6283AD833002225C6 /* LGV_CleantimeTests (iOS).xctest */,
				D4F30CF7283AD833002225C6 /* libLGV_Cleantime (WatchOS).a */,
				D4F30CF8283AD833002225C6 /* LGV_CleantimeTests (WatchOS).xctest */,
				D4F30CF9283AD848002225C6 /* Frameworks */,
				D4F30D01283AD895002225C6 /* libLGV_Cleantime (TVOS).a */,
				D4F30D0C283AD8AF002225C6 /* LGV_CleantimeTests (TVOS).xctest */,
			);
			sourceTree = "<group>";
		};
		D43C66912694AB9E007D5883 /* Sources */ = {
			isa = PBXGroup;
			children = (
				D4A5FE90269732BE009D0D17 /* Meta */,
				D43C66922694AB9E007D5883 /* LGV_Cleantime */,
			);
			path = Sources;
			sourceTree = "<group>";
		};
		D43C66922694AB9E007D5883 /* LGV_Cleantime */ = {
			isa = PBXGroup;
			children = (
				D4A5FE8C26971DA0009D0D17 /* LGV_CleantimeDateCalc.swift */,
				D47B1DF2269CDF0B00139C2C /* LGV_CleantimeKeytagDescription.swift */,
				D473D2DC27A457C7003E1A5C /* LGV_Cleantime.docc */,
			);
			path = LGV_Cleantime;
			sourceTree = "<group>";
		};
		D43C66C52694AC20007D5883 /* Tests */ = {
			isa = PBXGroup;
			children = (
				D498CF5A269DB1B00076CC3A /* Info.plist */,
				D498CF61269DB1D00076CC3A /* LGV_CleantimeTests */,
			);
			path = Tests;
			sourceTree = "<group>";
		};
		D43C66D72694AC33007D5883 /* Project-Meta */ = {
			isa = PBXGroup;
			children = (
				D43C66D82694AC33007D5883 /* Warnings.xcconfig */,
			);
			path = "Project-Meta";
			sourceTree = "<group>";
		};
		D498CF61269DB1D00076CC3A /* LGV_CleantimeTests */ = {
			isa = PBXGroup;
			children = (
				D498CF58269DB1B00076CC3A /* LGV_CleantimeCalculationTests.swift */,
				D498CF62269DD1360076CC3A /* LGV_CleantimeKeytagBuilderTests.swift */,
			);
			path = LGV_CleantimeTests;
			sourceTree = "<group>";
		};
		D4A5FE90269732BE009D0D17 /* Meta */ = {
			isa = PBXGroup;
			children = (
				D4A5FE91269732BE009D0D17 /* Info.plist */,
			);
			name = Meta;
			path = Sources/Meta;
			sourceTree = SOURCE_ROOT;
		};
		D4F30CF9283AD848002225C6 /* Frameworks */ = {
			isa = PBXGroup;
			children = (
			);
			name = Frameworks;
			sourceTree = "<group>";
		};
/* End PBXGroup section */

/* Begin PBXNativeTarget section */
		D421F13D283AD46000416FA8 /* LGV_Cleantime (MacOS) */ = {
			isa = PBXNativeTarget;
			buildConfigurationList = D421F144283AD46000416FA8 /* Build configuration list for PBXNativeTarget "LGV_Cleantime (MacOS)" */;
			buildPhases = (
				D4B32EC22D3FED68004F520C /* SwiftLint */,
				D421F13B283AD46000416FA8 /* Sources */,
			);
			buildRules = (
			);
			dependencies = (
			);
			name = "LGV_Cleantime (MacOS)";
			productName = "LGV_Cleantime (MacOS)";
			productReference = D4F30CF3283AD833002225C6 /* libLGV_Cleantime (MacOS).a */;
			productType = "com.apple.product-type.library.static";
		};
		D421F14C283AD48C00416FA8 /* LGV_CleantimeTests (MacOS) */ = {
			isa = PBXNativeTarget;
			buildConfigurationList = D421F154283AD48C00416FA8 /* Build configuration list for PBXNativeTarget "LGV_CleantimeTests (MacOS)" */;
			buildPhases = (
				D421F149283AD48C00416FA8 /* Sources */,
				D421F14A283AD48C00416FA8 /* Frameworks */,
			);
			buildRules = (
			);
			dependencies = (
				D421F153283AD48C00416FA8 /* PBXTargetDependency */,
			);
			name = "LGV_CleantimeTests (MacOS)";
			productName = "LGV_CleantimeTests (MacOS)";
			productReference = D4F30CF4283AD833002225C6 /* LGV_CleantimeTests (MacOS).xctest */;
			productType = "com.apple.product-type.bundle.unit-test";
		};
		D421F15C283AD52900416FA8 /* LGV_Cleantime (iOS) */ = {
			isa = PBXNativeTarget;
			buildConfigurationList = D421F161283AD52900416FA8 /* Build configuration list for PBXNativeTarget "LGV_Cleantime (iOS)" */;
			buildPhases = (
				D4B32EC32D3FED7E004F520C /* SwiftLint */,
				D421F159283AD52900416FA8 /* Sources */,
			);
			buildRules = (
			);
			dependencies = (
			);
			name = "LGV_Cleantime (iOS)";
			productName = "LGV_Cleantime (iOS)";
			productReference = D4F30CF5283AD833002225C6 /* libLGV_Cleantime (iOS).a */;
			productType = "com.apple.product-type.library.static";
		};
		D421F169283AD56700416FA8 /* LGV_CleantimeTests (iOS) */ = {
			isa = PBXNativeTarget;
			buildConfigurationList = D421F171283AD56800416FA8 /* Build configuration list for PBXNativeTarget "LGV_CleantimeTests (iOS)" */;
			buildPhases = (
				D421F166283AD56700416FA8 /* Sources */,
				D421F167283AD56700416FA8 /* Frameworks */,
			);
			buildRules = (
			);
			dependencies = (
				D421F170283AD56800416FA8 /* PBXTargetDependency */,
			);
			name = "LGV_CleantimeTests (iOS)";
			productName = "LGV_CleantimeTests (iOS)";
			productReference = D4F30CF6283AD833002225C6 /* LGV_CleantimeTests (iOS).xctest */;
			productType = "com.apple.product-type.bundle.unit-test";
		};
		D421F179283AD5CA00416FA8 /* LGV_Cleantime (WatchOS) */ = {
			isa = PBXNativeTarget;
			buildConfigurationList = D421F17E283AD5CA00416FA8 /* Build configuration list for PBXNativeTarget "LGV_Cleantime (WatchOS)" */;
			buildPhases = (
				D4B32EC42D3FED90004F520C /* SwiftLint */,
				D421F176283AD5CA00416FA8 /* Sources */,
			);
			buildRules = (
			);
			dependencies = (
			);
			name = "LGV_Cleantime (WatchOS)";
			productName = "LGV_Cleantime (WatchOS)";
			productReference = D4F30CF7283AD833002225C6 /* libLGV_Cleantime (WatchOS).a */;
			productType = "com.apple.product-type.library.static";
		};
		D421F184283AD5E700416FA8 /* LGV_CleantimeTests (WatchOS) */ = {
			isa = PBXNativeTarget;
			buildConfigurationList = D421F18C283AD5E700416FA8 /* Build configuration list for PBXNativeTarget "LGV_CleantimeTests (WatchOS)" */;
			buildPhases = (
				D421F181283AD5E700416FA8 /* Sources */,
				D421F182283AD5E700416FA8 /* Frameworks */,
			);
			buildRules = (
			);
			dependencies = (
				D42759342B4A436300A540F2 /* PBXTargetDependency */,
			);
			name = "LGV_CleantimeTests (WatchOS)";
			productName = "LGV_CleantimeTests (WatchOS)";
			productReference = D4F30CF8283AD833002225C6 /* LGV_CleantimeTests (WatchOS).xctest */;
			productType = "com.apple.product-type.bundle.unit-test";
		};
		D4F30D00283AD895002225C6 /* LGV_Cleantime (TVOS) */ = {
			isa = PBXNativeTarget;
			buildConfigurationList = D4F30D05283AD895002225C6 /* Build configuration list for PBXNativeTarget "LGV_Cleantime (TVOS)" */;
			buildPhases = (
				D4B32EC52D3FEDA1004F520C /* SwiftLint */,
				D4F30CFD283AD895002225C6 /* Sources */,
			);
			buildRules = (
			);
			dependencies = (
			);
			name = "LGV_Cleantime (TVOS)";
			productName = "LGV_Cleantime (TVOS)";
			productReference = D4F30D01283AD895002225C6 /* libLGV_Cleantime (TVOS).a */;
			productType = "com.apple.product-type.library.static";
		};
		D4F30D0B283AD8AF002225C6 /* LGV_CleantimeTests (TVOS) */ = {
			isa = PBXNativeTarget;
			buildConfigurationList = D4F30D13283AD8AF002225C6 /* Build configuration list for PBXNativeTarget "LGV_CleantimeTests (TVOS)" */;
			buildPhases = (
				D4F30D08283AD8AF002225C6 /* Sources */,
				D4F30D09283AD8AF002225C6 /* Frameworks */,
			);
			buildRules = (
			);
			dependencies = (
				D4F30D12283AD8AF002225C6 /* PBXTargetDependency */,
			);
			name = "LGV_CleantimeTests (TVOS)";
			productName = "LGV_CleantimeTests (TVOS)";
			productReference = D4F30D0C283AD8AF002225C6 /* LGV_CleantimeTests (TVOS).xctest */;
			productType = "com.apple.product-type.bundle.unit-test";
		};
/* End PBXNativeTarget section */

/* Begin PBXProject section */
		D43C667F2694AA88007D5883 /* Project object */ = {
			isa = PBXProject;
			attributes = {
				BuildIndependentTargetsInParallel = YES;
				LastSwiftUpdateCheck = 1340;
				LastUpgradeCheck = 1620;
				TargetAttributes = {
					D421F13D283AD46000416FA8 = {
						CreatedOnToolsVersion = 13.4;
					};
					D421F14C283AD48C00416FA8 = {
						CreatedOnToolsVersion = 13.4;
					};
					D421F15C283AD52900416FA8 = {
						CreatedOnToolsVersion = 13.4;
					};
					D421F169283AD56700416FA8 = {
						CreatedOnToolsVersion = 13.4;
					};
					D421F179283AD5CA00416FA8 = {
						CreatedOnToolsVersion = 13.4;
					};
					D421F184283AD5E700416FA8 = {
						CreatedOnToolsVersion = 13.4;
					};
					D4F30D00283AD895002225C6 = {
						CreatedOnToolsVersion = 13.4;
					};
					D4F30D0B283AD8AF002225C6 = {
						CreatedOnToolsVersion = 13.4;
					};
				};
			};
			buildConfigurationList = D43C66822694AA88007D5883 /* Build configuration list for PBXProject "LGV_Cleantime" */;
			compatibilityVersion = "Xcode 12.0";
			developmentRegion = en;
			hasScannedForEncodings = 0;
			knownRegions = (
				en,
				Base,
			);
			mainGroup = D43C667E2694AA88007D5883;
			packageReferences = (
			);
			productRefGroup = D43C667E2694AA88007D5883;
			projectDirPath = "";
			projectRoot = "";
			targets = (
				D421F13D283AD46000416FA8 /* LGV_Cleantime (MacOS) */,
				D421F14C283AD48C00416FA8 /* LGV_CleantimeTests (MacOS) */,
				D421F15C283AD52900416FA8 /* LGV_Cleantime (iOS) */,
				D421F169283AD56700416FA8 /* LGV_CleantimeTests (iOS) */,
				D421F179283AD5CA00416FA8 /* LGV_Cleantime (WatchOS) */,
				D421F184283AD5E700416FA8 /* LGV_CleantimeTests (WatchOS) */,
				D4F30D00283AD895002225C6 /* LGV_Cleantime (TVOS) */,
				D4F30D0B283AD8AF002225C6 /* LGV_CleantimeTests (TVOS) */,
			);
		};
/* End PBXProject section */

/* Begin PBXShellScriptBuildPhase section */
		D4B32EC22D3FED68004F520C /* SwiftLint */ = {
			isa = PBXShellScriptBuildPhase;
			alwaysOutOfDate = 1;
			buildActionMask = 2147483647;
			files = (
			);
			inputFileListPaths = (
			);
			inputPaths = (
			);
			name = SwiftLint;
			outputFileListPaths = (
			);
			outputPaths = (
			);
			runOnlyForDeploymentPostprocessing = 0;
			shellPath = /bin/sh;
			shellScript = "if command -v swiftlint 2>&1 >/dev/null\nthen\n    cd ${PROJECT_DIR}\n    swiftlint\nfi\n";
		};
		D4B32EC32D3FED7E004F520C /* SwiftLint */ = {
			isa = PBXShellScriptBuildPhase;
			alwaysOutOfDate = 1;
			buildActionMask = 2147483647;
			files = (
			);
			inputFileListPaths = (
			);
			inputPaths = (
			);
			name = SwiftLint;
			outputFileListPaths = (
			);
			outputPaths = (
			);
			runOnlyForDeploymentPostprocessing = 0;
			shellPath = /bin/sh;
			shellScript = "if command -v swiftlint 2>&1 >/dev/null\nthen\n    cd ${PROJECT_DIR}\n    swiftlint\nfi\n";
		};
		D4B32EC42D3FED90004F520C /* SwiftLint */ = {
			isa = PBXShellScriptBuildPhase;
			alwaysOutOfDate = 1;
			buildActionMask = 2147483647;
			files = (
			);
			inputFileListPaths = (
			);
			inputPaths = (
			);
			name = SwiftLint;
			outputFileListPaths = (
			);
			outputPaths = (
			);
			runOnlyForDeploymentPostprocessing = 0;
			shellPath = /bin/sh;
			shellScript = "if command -v swiftlint 2>&1 >/dev/null\nthen\n    cd ${PROJECT_DIR}\n    swiftlint\nfi\n";
		};
		D4B32EC52D3FEDA1004F520C /* SwiftLint */ = {
			isa = PBXShellScriptBuildPhase;
			alwaysOutOfDate = 1;
			buildActionMask = 2147483647;
			files = (
			);
			inputFileListPaths = (
			);
			inputPaths = (
			);
			name = SwiftLint;
			outputFileListPaths = (
			);
			outputPaths = (
			);
			runOnlyForDeploymentPostprocessing = 0;
			shellPath = /bin/sh;
			shellScript = "if command -v swiftlint 2>&1 >/dev/null\nthen\n    cd ${PROJECT_DIR}\n    swiftlint\nfi\n";
		};
/* End PBXShellScriptBuildPhase section */

/* Begin PBXSourcesBuildPhase section */
		D421F13B283AD46000416FA8 /* Sources */ = {
			isa = PBXSourcesBuildPhase;
			buildActionMask = 2147483647;
			files = (
				D421F147283AD46D00416FA8 /* LGV_CleantimeKeytagDescription.swift in Sources */,
				D421F148283AD46D00416FA8 /* LGV_CleantimeDateCalc.swift in Sources */,
			);
			runOnlyForDeploymentPostprocessing = 0;
		};
		D421F149283AD48C00416FA8 /* Sources */ = {
			isa = PBXSourcesBuildPhase;
			buildActionMask = 2147483647;
			files = (
				D421F157283AD49400416FA8 /* LGV_CleantimeKeytagBuilderTests.swift in Sources */,
				D421F158283AD49400416FA8 /* LGV_CleantimeCalculationTests.swift in Sources */,
			);
			runOnlyForDeploymentPostprocessing = 0;
		};
		D421F159283AD52900416FA8 /* Sources */ = {
			isa = PBXSourcesBuildPhase;
			buildActionMask = 2147483647;
			files = (
				D421F165283AD54C00416FA8 /* LGV_CleantimeKeytagDescription.swift in Sources */,
				D421F164283AD54C00416FA8 /* LGV_CleantimeDateCalc.swift in Sources */,
			);
			runOnlyForDeploymentPostprocessing = 0;
		};
		D421F166283AD56700416FA8 /* Sources */ = {
			isa = PBXSourcesBuildPhase;
			buildActionMask = 2147483647;
			files = (
				D421F174283AD57400416FA8 /* LGV_CleantimeCalculationTests.swift in Sources */,
				D421F175283AD57400416FA8 /* LGV_CleantimeKeytagBuilderTests.swift in Sources */,
			);
			runOnlyForDeploymentPostprocessing = 0;
		};
		D421F176283AD5CA00416FA8 /* Sources */ = {
			isa = PBXSourcesBuildPhase;
			buildActionMask = 2147483647;
			files = (
				D421F192283AD61500416FA8 /* LGV_CleantimeKeytagDescription.swift in Sources */,
				D421F193283AD61500416FA8 /* LGV_CleantimeDateCalc.swift in Sources */,
			);
			runOnlyForDeploymentPostprocessing = 0;
		};
		D421F181283AD5E700416FA8 /* Sources */ = {
			isa = PBXSourcesBuildPhase;
			buildActionMask = 2147483647;
			files = (
				D421F190283AD61100416FA8 /* LGV_CleantimeCalculationTests.swift in Sources */,
				D421F191283AD61100416FA8 /* LGV_CleantimeKeytagBuilderTests.swift in Sources */,
			);
			runOnlyForDeploymentPostprocessing = 0;
		};
		D4F30CFD283AD895002225C6 /* Sources */ = {
			isa = PBXSourcesBuildPhase;
			buildActionMask = 2147483647;
			files = (
				D4F30D17283AD900002225C6 /* LGV_CleantimeKeytagDescription.swift in Sources */,
				D4F30D16283AD900002225C6 /* LGV_CleantimeDateCalc.swift in Sources */,
			);
			runOnlyForDeploymentPostprocessing = 0;
		};
		D4F30D08283AD8AF002225C6 /* Sources */ = {
			isa = PBXSourcesBuildPhase;
			buildActionMask = 2147483647;
			files = (
				D4F30D18283AD905002225C6 /* LGV_CleantimeCalculationTests.swift in Sources */,
				D4F30D19283AD905002225C6 /* LGV_CleantimeKeytagBuilderTests.swift in Sources */,
			);
			runOnlyForDeploymentPostprocessing = 0;
		};
/* End PBXSourcesBuildPhase section */

/* Begin PBXTargetDependency section */
		D421F153283AD48C00416FA8 /* PBXTargetDependency */ = {
			isa = PBXTargetDependency;
			target = D421F13D283AD46000416FA8 /* LGV_Cleantime (MacOS) */;
			targetProxy = D421F152283AD48C00416FA8 /* PBXContainerItemProxy */;
		};
		D421F170283AD56800416FA8 /* PBXTargetDependency */ = {
			isa = PBXTargetDependency;
			target = D421F15C283AD52900416FA8 /* LGV_Cleantime (iOS) */;
			targetProxy = D421F16F283AD56800416FA8 /* PBXContainerItemProxy */;
		};
		D42759342B4A436300A540F2 /* PBXTargetDependency */ = {
			isa = PBXTargetDependency;
			platformFilters = (
				maccatalyst,
				watchos,
			);
			target = D421F179283AD5CA00416FA8 /* LGV_Cleantime (WatchOS) */;
			targetProxy = D42759332B4A436300A540F2 /* PBXContainerItemProxy */;
		};
		D4F30D12283AD8AF002225C6 /* PBXTargetDependency */ = {
			isa = PBXTargetDependency;
			target = D4F30D00283AD895002225C6 /* LGV_Cleantime (TVOS) */;
			targetProxy = D4F30D11283AD8AF002225C6 /* PBXContainerItemProxy */;
		};
/* End PBXTargetDependency section */

/* Begin XCBuildConfiguration section */
		D421F145283AD46000416FA8 /* Debug */ = {
			isa = XCBuildConfiguration;
			buildSettings = {
				CLANG_CXX_LANGUAGE_STANDARD = "gnu++17";
				CODE_SIGN_STYLE = Automatic;
				DEAD_CODE_STRIPPING = YES;
				DEVELOPMENT_TEAM = KSAUGZFWP2;
				ENABLE_USER_SCRIPT_SANDBOXING = NO;
				EXECUTABLE_PREFIX = lib;
				MACOSX_DEPLOYMENT_TARGET = 11.0;
				PRODUCT_MODULE_NAME = LGV_Cleantime;
				PRODUCT_NAME = "$(TARGET_NAME)";
				SDKROOT = macosx;
				SKIP_INSTALL = YES;
				SUPPORTED_PLATFORMS = macosx;
			};
			name = Debug;
		};
		D421F146283AD46000416FA8 /* Release */ = {
			isa = XCBuildConfiguration;
			buildSettings = {
				CLANG_CXX_LANGUAGE_STANDARD = "gnu++17";
				CODE_SIGN_STYLE = Automatic;
				DEAD_CODE_STRIPPING = YES;
				DEVELOPMENT_TEAM = KSAUGZFWP2;
				ENABLE_USER_SCRIPT_SANDBOXING = NO;
				EXECUTABLE_PREFIX = lib;
				MACOSX_DEPLOYMENT_TARGET = 11.0;
				PRODUCT_MODULE_NAME = LGV_Cleantime;
				PRODUCT_NAME = "$(TARGET_NAME)";
				SDKROOT = macosx;
				SKIP_INSTALL = YES;
				SUPPORTED_PLATFORMS = macosx;
			};
			name = Release;
		};
		D421F155283AD48C00416FA8 /* Debug */ = {
			isa = XCBuildConfiguration;
			buildSettings = {
				CLANG_CXX_LANGUAGE_STANDARD = "gnu++17";
				CODE_SIGN_STYLE = Automatic;
				CURRENT_PROJECT_VERSION = 1;
				DEAD_CODE_STRIPPING = YES;
				DEVELOPMENT_TEAM = KSAUGZFWP2;
				GENERATE_INFOPLIST_FILE = YES;
				MACOSX_DEPLOYMENT_TARGET = 12.3;
				MARKETING_VERSION = 1.0;
				PRODUCT_BUNDLE_IDENTIFIER = "com.riftvalleysoftware.LGV-CleantimeTests--MacOS-";
				PRODUCT_NAME = "$(TARGET_NAME)";
				SDKROOT = macosx;
				SUPPORTED_PLATFORMS = macosx;
				SWIFT_EMIT_LOC_STRINGS = NO;
				SWIFT_VERSION = 5.0;
			};
			name = Debug;
		};
		D421F156283AD48C00416FA8 /* Release */ = {
			isa = XCBuildConfiguration;
			buildSettings = {
				CLANG_CXX_LANGUAGE_STANDARD = "gnu++17";
				CODE_SIGN_STYLE = Automatic;
				CURRENT_PROJECT_VERSION = 1;
				DEAD_CODE_STRIPPING = YES;
				DEVELOPMENT_TEAM = KSAUGZFWP2;
				GENERATE_INFOPLIST_FILE = YES;
				MACOSX_DEPLOYMENT_TARGET = 12.3;
				MARKETING_VERSION = 1.0;
				PRODUCT_BUNDLE_IDENTIFIER = "com.riftvalleysoftware.LGV-CleantimeTests--MacOS-";
				PRODUCT_NAME = "$(TARGET_NAME)";
				SDKROOT = macosx;
				SUPPORTED_PLATFORMS = macosx;
				SWIFT_EMIT_LOC_STRINGS = NO;
				SWIFT_VERSION = 5.0;
			};
			name = Release;
		};
		D421F162283AD52900416FA8 /* Debug */ = {
			isa = XCBuildConfiguration;
			buildSettings = {
				CLANG_CXX_LANGUAGE_STANDARD = "gnu++17";
				CODE_SIGN_STYLE = Automatic;
				DEVELOPMENT_TEAM = KSAUGZFWP2;
				ENABLE_USER_SCRIPT_SANDBOXING = NO;
				IPHONEOS_DEPLOYMENT_TARGET = 15.5;
				MACOSX_DEPLOYMENT_TARGET = 11.0;
				OTHER_LDFLAGS = "-ObjC";
				PRODUCT_MODULE_NAME = LGV_Cleantime;
				PRODUCT_NAME = "$(TARGET_NAME)";
				SKIP_INSTALL = YES;
				SUPPORTED_PLATFORMS = "iphonesimulator iphoneos";
				SWIFT_VERSION = 5.0;
				TARGETED_DEVICE_FAMILY = "1,2";
			};
			name = Debug;
		};
		D421F163283AD52900416FA8 /* Release */ = {
			isa = XCBuildConfiguration;
			buildSettings = {
				CLANG_CXX_LANGUAGE_STANDARD = "gnu++17";
				CODE_SIGN_STYLE = Automatic;
				DEVELOPMENT_TEAM = KSAUGZFWP2;
				ENABLE_USER_SCRIPT_SANDBOXING = NO;
				IPHONEOS_DEPLOYMENT_TARGET = 15.5;
				MACOSX_DEPLOYMENT_TARGET = 11.0;
				OTHER_LDFLAGS = "-ObjC";
				PRODUCT_MODULE_NAME = LGV_Cleantime;
				PRODUCT_NAME = "$(TARGET_NAME)";
				SKIP_INSTALL = YES;
				SUPPORTED_PLATFORMS = "iphonesimulator iphoneos";
				SWIFT_VERSION = 5.0;
				TARGETED_DEVICE_FAMILY = "1,2";
			};
			name = Release;
		};
		D421F172283AD56800416FA8 /* Debug */ = {
			isa = XCBuildConfiguration;
			buildSettings = {
				CLANG_CXX_LANGUAGE_STANDARD = "gnu++17";
				CODE_SIGN_STYLE = Automatic;
				CURRENT_PROJECT_VERSION = 1;
				DEVELOPMENT_TEAM = KSAUGZFWP2;
				GENERATE_INFOPLIST_FILE = YES;
				IPHONEOS_DEPLOYMENT_TARGET = 15.5;
				MACOSX_DEPLOYMENT_TARGET = 11.0;
				MARKETING_VERSION = 1.0;
				PRODUCT_BUNDLE_IDENTIFIER = "com.riftvalleysoftware.LGV-CleantimeTests--iOS-";
				PRODUCT_NAME = "$(TARGET_NAME)";
				SUPPORTED_PLATFORMS = "iphonesimulator iphoneos";
				SWIFT_EMIT_LOC_STRINGS = NO;
				SWIFT_VERSION = 5.0;
				TARGETED_DEVICE_FAMILY = "1,2";
			};
			name = Debug;
		};
		D421F173283AD56800416FA8 /* Release */ = {
			isa = XCBuildConfiguration;
			buildSettings = {
				CLANG_CXX_LANGUAGE_STANDARD = "gnu++17";
				CODE_SIGN_STYLE = Automatic;
				CURRENT_PROJECT_VERSION = 1;
				DEVELOPMENT_TEAM = KSAUGZFWP2;
				GENERATE_INFOPLIST_FILE = YES;
				IPHONEOS_DEPLOYMENT_TARGET = 15.5;
				MACOSX_DEPLOYMENT_TARGET = 11.0;
				MARKETING_VERSION = 1.0;
				PRODUCT_BUNDLE_IDENTIFIER = "com.riftvalleysoftware.LGV-CleantimeTests--iOS-";
				PRODUCT_NAME = "$(TARGET_NAME)";
				SUPPORTED_PLATFORMS = "iphonesimulator iphoneos";
				SWIFT_EMIT_LOC_STRINGS = NO;
				SWIFT_VERSION = 5.0;
				TARGETED_DEVICE_FAMILY = "1,2";
			};
			name = Release;
		};
		D421F17F283AD5CA00416FA8 /* Debug */ = {
			isa = XCBuildConfiguration;
			buildSettings = {
				CLANG_CXX_LANGUAGE_STANDARD = "gnu++17";
				CODE_SIGN_STYLE = Automatic;
				DEVELOPMENT_TEAM = KSAUGZFWP2;
				ENABLE_USER_SCRIPT_SANDBOXING = NO;
				MACOSX_DEPLOYMENT_TARGET = 11.0;
				OTHER_LDFLAGS = "-ObjC";
				PRODUCT_MODULE_NAME = LGV_Cleantime;
				PRODUCT_NAME = "$(TARGET_NAME)";
				SDKROOT = watchos;
				SKIP_INSTALL = YES;
				SUPPORTED_PLATFORMS = "watchsimulator watchos";
				SWIFT_VERSION = 5.0;
				TARGETED_DEVICE_FAMILY = 4;
				WATCHOS_DEPLOYMENT_TARGET = 8.5;
			};
			name = Debug;
		};
		D421F180283AD5CA00416FA8 /* Release */ = {
			isa = XCBuildConfiguration;
			buildSettings = {
				CLANG_CXX_LANGUAGE_STANDARD = "gnu++17";
				CODE_SIGN_STYLE = Automatic;
				DEVELOPMENT_TEAM = KSAUGZFWP2;
				ENABLE_USER_SCRIPT_SANDBOXING = NO;
				MACOSX_DEPLOYMENT_TARGET = 11.0;
				OTHER_LDFLAGS = "-ObjC";
				PRODUCT_MODULE_NAME = LGV_Cleantime;
				PRODUCT_NAME = "$(TARGET_NAME)";
				SDKROOT = watchos;
				SKIP_INSTALL = YES;
				SUPPORTED_PLATFORMS = "watchsimulator watchos";
				SWIFT_VERSION = 5.0;
				TARGETED_DEVICE_FAMILY = 4;
				WATCHOS_DEPLOYMENT_TARGET = 8.5;
			};
			name = Release;
		};
		D421F18D283AD5E700416FA8 /* Debug */ = {
			isa = XCBuildConfiguration;
			buildSettings = {
				CLANG_CXX_LANGUAGE_STANDARD = "gnu++17";
				CODE_SIGN_STYLE = Automatic;
				CURRENT_PROJECT_VERSION = 1;
				DEVELOPMENT_TEAM = KSAUGZFWP2;
				GENERATE_INFOPLIST_FILE = YES;
				MACOSX_DEPLOYMENT_TARGET = 11.0;
				MARKETING_VERSION = 1.0;
				PRODUCT_BUNDLE_IDENTIFIER = "com.riftvalleysoftware.LGV-CleantimeTests--WatchOS-";
				PRODUCT_NAME = "$(TARGET_NAME)";
				SDKROOT = watchos;
				SUPPORTED_PLATFORMS = "appletvos appletvsimulator iphoneos iphonesimulator macosx watchos watchsimulator";
				SUPPORTS_MACCATALYST = YES;
				SWIFT_EMIT_LOC_STRINGS = NO;
				SWIFT_VERSION = 5.0;
				TARGETED_DEVICE_FAMILY = 4;
				WATCHOS_DEPLOYMENT_TARGET = 8.5;
			};
			name = Debug;
		};
		D421F18E283AD5E700416FA8 /* Release */ = {
			isa = XCBuildConfiguration;
			buildSettings = {
				CLANG_CXX_LANGUAGE_STANDARD = "gnu++17";
				CODE_SIGN_STYLE = Automatic;
				CURRENT_PROJECT_VERSION = 1;
				DEVELOPMENT_TEAM = KSAUGZFWP2;
				GENERATE_INFOPLIST_FILE = YES;
				MACOSX_DEPLOYMENT_TARGET = 11.0;
				MARKETING_VERSION = 1.0;
				PRODUCT_BUNDLE_IDENTIFIER = "com.riftvalleysoftware.LGV-CleantimeTests--WatchOS-";
				PRODUCT_NAME = "$(TARGET_NAME)";
				SDKROOT = watchos;
				SUPPORTED_PLATFORMS = "appletvos appletvsimulator iphoneos iphonesimulator macosx watchos watchsimulator";
				SUPPORTS_MACCATALYST = YES;
				SWIFT_EMIT_LOC_STRINGS = NO;
				SWIFT_VERSION = 5.0;
				TARGETED_DEVICE_FAMILY = 4;
				WATCHOS_DEPLOYMENT_TARGET = 8.5;
			};
			name = Release;
		};
		D43C668C2694AA88007D5883 /* Debug */ = {
			isa = XCBuildConfiguration;
			baseConfigurationReference = D43C66D82694AC33007D5883 /* Warnings.xcconfig */;
			buildSettings = {
				ALLOW_TARGET_PLATFORM_SPECIALIZATION = YES;
				ALWAYS_SEARCH_USER_PATHS = NO;
				ASSETCATALOG_COMPILER_GENERATE_SWIFT_ASSET_SYMBOL_EXTENSIONS = YES;
				CLANG_ANALYZER_NONNULL = YES;
				CLANG_ANALYZER_NUMBER_OBJECT_CONVERSION = YES_AGGRESSIVE;
				CLANG_CXX_LANGUAGE_STANDARD = "gnu++14";
				CLANG_CXX_LIBRARY = "libc++";
				CLANG_ENABLE_MODULES = YES;
				CLANG_ENABLE_OBJC_ARC = YES;
				CLANG_ENABLE_OBJC_WEAK = YES;
				CLANG_WARN_BLOCK_CAPTURE_AUTORELEASING = YES;
				CLANG_WARN_BOOL_CONVERSION = YES;
				CLANG_WARN_COMMA = YES;
				CLANG_WARN_CONSTANT_CONVERSION = YES;
				CLANG_WARN_DEPRECATED_OBJC_IMPLEMENTATIONS = YES;
				CLANG_WARN_DIRECT_OBJC_ISA_USAGE = YES_ERROR;
				CLANG_WARN_DOCUMENTATION_COMMENTS = YES;
				CLANG_WARN_EMPTY_BODY = YES;
				CLANG_WARN_ENUM_CONVERSION = YES;
				CLANG_WARN_INFINITE_RECURSION = YES;
				CLANG_WARN_INT_CONVERSION = YES;
				CLANG_WARN_NON_LITERAL_NULL_CONVERSION = YES;
				CLANG_WARN_OBJC_IMPLICIT_RETAIN_SELF = YES;
				CLANG_WARN_OBJC_LITERAL_CONVERSION = YES;
				CLANG_WARN_OBJC_ROOT_CLASS = YES_ERROR;
				CLANG_WARN_QUOTED_INCLUDE_IN_FRAMEWORK_HEADER = YES;
				CLANG_WARN_RANGE_LOOP_ANALYSIS = YES;
				CLANG_WARN_STRICT_PROTOTYPES = YES;
				CLANG_WARN_SUSPICIOUS_MOVE = YES;
				CLANG_WARN_UNGUARDED_AVAILABILITY = YES_AGGRESSIVE;
				CLANG_WARN_UNREACHABLE_CODE = YES;
				CLANG_WARN__DUPLICATE_METHOD_MATCH = YES;
				COPY_PHASE_STRIP = NO;
				DEBUG_INFORMATION_FORMAT = dwarf;
				ENABLE_STRICT_OBJC_MSGSEND = YES;
				ENABLE_TESTABILITY = YES;
				ENABLE_USER_SCRIPT_SANDBOXING = YES;
				GCC_C_LANGUAGE_STANDARD = gnu11;
				GCC_DYNAMIC_NO_PIC = NO;
				GCC_NO_COMMON_BLOCKS = YES;
				GCC_OPTIMIZATION_LEVEL = 0;
				GCC_PREPROCESSOR_DEFINITIONS = (
					"DEBUG=1",
					"$(inherited)",
				);
				GCC_WARN_64_TO_32_BIT_CONVERSION = YES;
				GCC_WARN_ABOUT_RETURN_TYPE = YES_ERROR;
				GCC_WARN_UNDECLARED_SELECTOR = YES;
				GCC_WARN_UNINITIALIZED_AUTOS = YES_AGGRESSIVE;
				GCC_WARN_UNUSED_FUNCTION = YES;
				GCC_WARN_UNUSED_VARIABLE = YES;
				IPHONEOS_DEPLOYMENT_TARGET = 14.0;
				MACOSX_DEPLOYMENT_TARGET = 10.14;
				MTL_ENABLE_DEBUG_INFO = INCLUDE_SOURCE;
				MTL_FAST_MATH = YES;
				ONLY_ACTIVE_ARCH = YES;
				SDKROOT = iphoneos;
				SUPPORTED_PLATFORMS = "watchsimulator watchos macosx iphonesimulator iphoneos driverkit appletvsimulator appletvos";
				SUPPORTS_MACCATALYST = YES;
				SWIFT_ACTIVE_COMPILATION_CONDITIONS = DEBUG;
				SWIFT_OPTIMIZATION_LEVEL = "-Onone";
				TARGETED_DEVICE_FAMILY = "1,2";
				TVOS_DEPLOYMENT_TARGET = 14.0;
				WATCHOS_DEPLOYMENT_TARGET = 6.0;
			};
			name = Debug;
		};
		D43C668D2694AA88007D5883 /* Release */ = {
			isa = XCBuildConfiguration;
			baseConfigurationReference = D43C66D82694AC33007D5883 /* Warnings.xcconfig */;
			buildSettings = {
				ALLOW_TARGET_PLATFORM_SPECIALIZATION = YES;
				ALWAYS_SEARCH_USER_PATHS = NO;
				ASSETCATALOG_COMPILER_GENERATE_SWIFT_ASSET_SYMBOL_EXTENSIONS = YES;
				CLANG_ANALYZER_NONNULL = YES;
				CLANG_ANALYZER_NUMBER_OBJECT_CONVERSION = YES_AGGRESSIVE;
				CLANG_CXX_LANGUAGE_STANDARD = "gnu++14";
				CLANG_CXX_LIBRARY = "libc++";
				CLANG_ENABLE_MODULES = YES;
				CLANG_ENABLE_OBJC_ARC = YES;
				CLANG_ENABLE_OBJC_WEAK = YES;
				CLANG_WARN_BLOCK_CAPTURE_AUTORELEASING = YES;
				CLANG_WARN_BOOL_CONVERSION = YES;
				CLANG_WARN_COMMA = YES;
				CLANG_WARN_CONSTANT_CONVERSION = YES;
				CLANG_WARN_DEPRECATED_OBJC_IMPLEMENTATIONS = YES;
				CLANG_WARN_DIRECT_OBJC_ISA_USAGE = YES_ERROR;
				CLANG_WARN_DOCUMENTATION_COMMENTS = YES;
				CLANG_WARN_EMPTY_BODY = YES;
				CLANG_WARN_ENUM_CONVERSION = YES;
				CLANG_WARN_INFINITE_RECURSION = YES;
				CLANG_WARN_INT_CONVERSION = YES;
				CLANG_WARN_NON_LITERAL_NULL_CONVERSION = YES;
				CLANG_WARN_OBJC_IMPLICIT_RETAIN_SELF = YES;
				CLANG_WARN_OBJC_LITERAL_CONVERSION = YES;
				CLANG_WARN_OBJC_ROOT_CLASS = YES_ERROR;
				CLANG_WARN_QUOTED_INCLUDE_IN_FRAMEWORK_HEADER = YES;
				CLANG_WARN_RANGE_LOOP_ANALYSIS = YES;
				CLANG_WARN_STRICT_PROTOTYPES = YES;
				CLANG_WARN_SUSPICIOUS_MOVE = YES;
				CLANG_WARN_UNGUARDED_AVAILABILITY = YES_AGGRESSIVE;
				CLANG_WARN_UNREACHABLE_CODE = YES;
				CLANG_WARN__DUPLICATE_METHOD_MATCH = YES;
				COPY_PHASE_STRIP = NO;
				DEBUG_INFORMATION_FORMAT = "dwarf-with-dsym";
				ENABLE_NS_ASSERTIONS = NO;
				ENABLE_STRICT_OBJC_MSGSEND = YES;
				ENABLE_USER_SCRIPT_SANDBOXING = YES;
				GCC_C_LANGUAGE_STANDARD = gnu11;
				GCC_NO_COMMON_BLOCKS = YES;
				GCC_WARN_64_TO_32_BIT_CONVERSION = YES;
				GCC_WARN_ABOUT_RETURN_TYPE = YES_ERROR;
				GCC_WARN_UNDECLARED_SELECTOR = YES;
				GCC_WARN_UNINITIALIZED_AUTOS = YES_AGGRESSIVE;
				GCC_WARN_UNUSED_FUNCTION = YES;
				GCC_WARN_UNUSED_VARIABLE = YES;
				IPHONEOS_DEPLOYMENT_TARGET = 14.0;
				MACOSX_DEPLOYMENT_TARGET = 10.14;
				MTL_ENABLE_DEBUG_INFO = NO;
				MTL_FAST_MATH = YES;
				SDKROOT = iphoneos;
				SUPPORTED_PLATFORMS = "watchsimulator watchos macosx iphonesimulator iphoneos driverkit appletvsimulator appletvos";
				SUPPORTS_MACCATALYST = YES;
				SWIFT_COMPILATION_MODE = wholemodule;
				SWIFT_OPTIMIZATION_LEVEL = "-O";
				TARGETED_DEVICE_FAMILY = "1,2";
				TVOS_DEPLOYMENT_TARGET = 14.0;
				VALIDATE_PRODUCT = YES;
				WATCHOS_DEPLOYMENT_TARGET = 6.0;
			};
			name = Release;
		};
		D4F30D06283AD895002225C6 /* Debug */ = {
			isa = XCBuildConfiguration;
			buildSettings = {
				CLANG_CXX_LANGUAGE_STANDARD = "gnu++17";
				CODE_SIGN_STYLE = Automatic;
				DEVELOPMENT_TEAM = KSAUGZFWP2;
				ENABLE_USER_SCRIPT_SANDBOXING = NO;
				MACOSX_DEPLOYMENT_TARGET = 11.0;
				OTHER_LDFLAGS = "-ObjC";
				PRODUCT_MODULE_NAME = LGV_Cleantime;
				PRODUCT_NAME = "$(TARGET_NAME)";
				SDKROOT = appletvos;
				SKIP_INSTALL = YES;
				SUPPORTED_PLATFORMS = "appletvsimulator appletvos";
				SWIFT_VERSION = 5.0;
				TARGETED_DEVICE_FAMILY = 3;
				TVOS_DEPLOYMENT_TARGET = 15.4;
			};
			name = Debug;
		};
		D4F30D07283AD895002225C6 /* Release */ = {
			isa = XCBuildConfiguration;
			buildSettings = {
				CLANG_CXX_LANGUAGE_STANDARD = "gnu++17";
				CODE_SIGN_STYLE = Automatic;
				DEVELOPMENT_TEAM = KSAUGZFWP2;
				ENABLE_USER_SCRIPT_SANDBOXING = NO;
				MACOSX_DEPLOYMENT_TARGET = 11.0;
				OTHER_LDFLAGS = "-ObjC";
				PRODUCT_MODULE_NAME = LGV_Cleantime;
				PRODUCT_NAME = "$(TARGET_NAME)";
				SDKROOT = appletvos;
				SKIP_INSTALL = YES;
				SUPPORTED_PLATFORMS = "appletvsimulator appletvos";
				SWIFT_VERSION = 5.0;
				TARGETED_DEVICE_FAMILY = 3;
				TVOS_DEPLOYMENT_TARGET = 15.4;
			};
			name = Release;
		};
		D4F30D14283AD8AF002225C6 /* Debug */ = {
			isa = XCBuildConfiguration;
			buildSettings = {
				CLANG_CXX_LANGUAGE_STANDARD = "gnu++17";
				CODE_SIGN_STYLE = Automatic;
				CURRENT_PROJECT_VERSION = 1;
				DEVELOPMENT_TEAM = KSAUGZFWP2;
				GENERATE_INFOPLIST_FILE = YES;
				MACOSX_DEPLOYMENT_TARGET = 11.0;
				MARKETING_VERSION = 1.0;
				PRODUCT_BUNDLE_IDENTIFIER = "com.riftvalleysoftware.LGV-CleantimeTests--TVOS-";
				PRODUCT_NAME = "$(TARGET_NAME)";
				SDKROOT = appletvos;
				SUPPORTED_PLATFORMS = "appletvsimulator appletvos";
				SWIFT_EMIT_LOC_STRINGS = NO;
				SWIFT_VERSION = 5.0;
				TARGETED_DEVICE_FAMILY = 3;
				TVOS_DEPLOYMENT_TARGET = 15.4;
			};
			name = Debug;
		};
		D4F30D15283AD8AF002225C6 /* Release */ = {
			isa = XCBuildConfiguration;
			buildSettings = {
				CLANG_CXX_LANGUAGE_STANDARD = "gnu++17";
				CODE_SIGN_STYLE = Automatic;
				CURRENT_PROJECT_VERSION = 1;
				DEVELOPMENT_TEAM = KSAUGZFWP2;
				GENERATE_INFOPLIST_FILE = YES;
				MACOSX_DEPLOYMENT_TARGET = 11.0;
				MARKETING_VERSION = 1.0;
				PRODUCT_BUNDLE_IDENTIFIER = "com.riftvalleysoftware.LGV-CleantimeTests--TVOS-";
				PRODUCT_NAME = "$(TARGET_NAME)";
				SDKROOT = appletvos;
				SUPPORTED_PLATFORMS = "appletvsimulator appletvos";
				SWIFT_EMIT_LOC_STRINGS = NO;
				SWIFT_VERSION = 5.0;
				TARGETED_DEVICE_FAMILY = 3;
				TVOS_DEPLOYMENT_TARGET = 15.4;
			};
			name = Release;
		};
/* End XCBuildConfiguration section */

/* Begin XCConfigurationList section */
		D421F144283AD46000416FA8 /* Build configuration list for PBXNativeTarget "LGV_Cleantime (MacOS)" */ = {
			isa = XCConfigurationList;
			buildConfigurations = (
				D421F145283AD46000416FA8 /* Debug */,
				D421F146283AD46000416FA8 /* Release */,
			);
			defaultConfigurationIsVisible = 0;
			defaultConfigurationName = Release;
		};
		D421F154283AD48C00416FA8 /* Build configuration list for PBXNativeTarget "LGV_CleantimeTests (MacOS)" */ = {
			isa = XCConfigurationList;
			buildConfigurations = (
				D421F155283AD48C00416FA8 /* Debug */,
				D421F156283AD48C00416FA8 /* Release */,
			);
			defaultConfigurationIsVisible = 0;
			defaultConfigurationName = Release;
		};
		D421F161283AD52900416FA8 /* Build configuration list for PBXNativeTarget "LGV_Cleantime (iOS)" */ = {
			isa = XCConfigurationList;
			buildConfigurations = (
				D421F162283AD52900416FA8 /* Debug */,
				D421F163283AD52900416FA8 /* Release */,
			);
			defaultConfigurationIsVisible = 0;
			defaultConfigurationName = Release;
		};
		D421F171283AD56800416FA8 /* Build configuration list for PBXNativeTarget "LGV_CleantimeTests (iOS)" */ = {
			isa = XCConfigurationList;
			buildConfigurations = (
				D421F172283AD56800416FA8 /* Debug */,
				D421F173283AD56800416FA8 /* Release */,
			);
			defaultConfigurationIsVisible = 0;
			defaultConfigurationName = Release;
		};
		D421F17E283AD5CA00416FA8 /* Build configuration list for PBXNativeTarget "LGV_Cleantime (WatchOS)" */ = {
			isa = XCConfigurationList;
			buildConfigurations = (
				D421F17F283AD5CA00416FA8 /* Debug */,
				D421F180283AD5CA00416FA8 /* Release */,
			);
			defaultConfigurationIsVisible = 0;
			defaultConfigurationName = Release;
		};
		D421F18C283AD5E700416FA8 /* Build configuration list for PBXNativeTarget "LGV_CleantimeTests (WatchOS)" */ = {
			isa = XCConfigurationList;
			buildConfigurations = (
				D421F18D283AD5E700416FA8 /* Debug */,
				D421F18E283AD5E700416FA8 /* Release */,
			);
			defaultConfigurationIsVisible = 0;
			defaultConfigurationName = Release;
		};
		D43C66822694AA88007D5883 /* Build configuration list for PBXProject "LGV_Cleantime" */ = {
			isa = XCConfigurationList;
			buildConfigurations = (
				D43C668C2694AA88007D5883 /* Debug */,
				D43C668D2694AA88007D5883 /* Release */,
			);
			defaultConfigurationIsVisible = 0;
			defaultConfigurationName = Release;
		};
		D4F30D05283AD895002225C6 /* Build configuration list for PBXNativeTarget "LGV_Cleantime (TVOS)" */ = {
			isa = XCConfigurationList;
			buildConfigurations = (
				D4F30D06283AD895002225C6 /* Debug */,
				D4F30D07283AD895002225C6 /* Release */,
			);
			defaultConfigurationIsVisible = 0;
			defaultConfigurationName = Release;
		};
		D4F30D13283AD8AF002225C6 /* Build configuration list for PBXNativeTarget "LGV_CleantimeTests (TVOS)" */ = {
			isa = XCConfigurationList;
			buildConfigurations = (
				D4F30D14283AD8AF002225C6 /* Debug */,
				D4F30D15283AD8AF002225C6 /* Release */,
			);
			defaultConfigurationIsVisible = 0;
			defaultConfigurationName = Release;
		};
/* End XCConfigurationList section */
	};
	rootObject = D43C667F2694AA88007D5883 /* Project object */;
}
